
Microsoft Visual Studio Solution File, Format Version 12.00
# Visual Studio Version 17
VisualStudioVersion = 17.0.31919.166
MinimumVisualStudioVersion = 10.0.40219.1
Project("{9A19103F-16F7-4668-BE54-9A1E7A4F7556}") = "PACM.BL", "PACM.BL\PACM.BL.csproj", "{AB9CFAA5-2347-4847-BD70-46D9072B8C6D}"
EndProject
Project("{2150E333-8FDC-42A3-9474-1A3956D46DE8}") = "Tests", "Tests", "{40570347-A7A8-4202-BB06-3DA612B7BF41}"
EndProject
Project("{9A19103F-16F7-4668-BE54-9A1E7A4F7556}") = "PACM.BLTest", "Tests\PACM.BLTest\PACM.BLTest.csproj", "{A961A1C2-7D97-471E-BFDA-B11080652D70}"
EndProject
Project("{FAE04EC0-301F-11D3-BF4B-00C04F79EFBC}") = "PACME.Common", "PACME.Common\PACME.Common.csproj", "{883E68AF-A5F2-4175-8133-D5FE9B5B3A38}"
EndProject
Project("{FAE04EC0-301F-11D3-BF4B-00C04F79EFBC}") = "PACME.CommonTest", "Tests\PACME.CommonTest\PACME.CommonTest.csproj", "{5D9FB6A1-B851-4062-B75C-82765D2F189E}"
EndProject
Global
	GlobalSection(SolutionConfigurationPlatforms) = preSolution
		Debug|Any CPU = Debug|Any CPU
		Release|Any CPU = Release|Any CPU
	EndGlobalSection
	GlobalSection(ProjectConfigurationPlatforms) = postSolution
		{AB9CFAA5-2347-4847-BD70-46D9072B8C6D}.Debug|Any CPU.ActiveCfg = Debug|Any CPU
		{AB9CFAA5-2347-4847-BD70-46D9072B8C6D}.Debug|Any CPU.Build.0 = Debug|Any CPU
		{AB9CFAA5-2347-4847-BD70-46D9072B8C6D}.Release|Any CPU.ActiveCfg = Release|Any CPU
		{AB9CFAA5-2347-4847-BD70-46D9072B8C6D}.Release|Any CPU.Build.0 = Release|Any CPU
		{A961A1C2-7D97-471E-BFDA-B11080652D70}.Debug|Any CPU.ActiveCfg = Debug|Any CPU
		{A961A1C2-7D97-471E-BFDA-B11080652D70}.Debug|Any CPU.Build.0 = Debug|Any CPU
		{A961A1C2-7D97-471E-BFDA-B11080652D70}.Release|Any CPU.ActiveCfg = Release|Any CPU
		{A961A1C2-7D97-471E-BFDA-B11080652D70}.Release|Any CPU.Build.0 = Release|Any CPU
		{883E68AF-A5F2-4175-8133-D5FE9B5B3A38}.Debug|Any CPU.ActiveCfg = Debug|Any CPU
		{883E68AF-A5F2-4175-8133-D5FE9B5B3A38}.Debug|Any CPU.Build.0 = Debug|Any CPU
		{883E68AF-A5F2-4175-8133-D5FE9B5B3A38}.Release|Any CPU.ActiveCfg = Release|Any CPU
		{883E68AF-A5F2-4175-8133-D5FE9B5B3A38}.Release|Any CPU.Build.0 = Release|Any CPU
		{5D9FB6A1-B851-4062-B75C-82765D2F189E}.Debug|Any CPU.ActiveCfg = Debug|Any CPU
		{5D9FB6A1-B851-4062-B75C-82765D2F189E}.Debug|Any CPU.Build.0 = Debug|Any CPU
		{5D9FB6A1-B851-4062-B75C-82765D2F189E}.Release|Any CPU.ActiveCfg = Release|Any CPU
		{5D9FB6A1-B851-4062-B75C-82765D2F189E}.Release|Any CPU.Build.0 = Release|Any CPU
	EndGlobalSection
	GlobalSection(SolutionProperties) = preSolution
		HideSolutionNode = FALSE
	EndGlobalSection
	GlobalSection(NestedProjects) = preSolution
		{A961A1C2-7D97-471E-BFDA-B11080652D70} = {40570347-A7A8-4202-BB06-3DA612B7BF41}
		{5D9FB6A1-B851-4062-B75C-82765D2F189E} = {40570347-A7A8-4202-BB06-3DA612B7BF41}
	EndGlobalSection
	GlobalSection(ExtensibilityGlobals) = postSolution
		SolutionGuid = {9B14E83C-D510-4EEC-9600-C6E85C0D586F}
	EndGlobalSection
EndGlobal
